<?xml version="1.0" encoding="utf-8"?>
<Project ToolsVersion="4.0" xmlns="http://schemas.microsoft.com/developer/msbuild/2003">
  <ItemGroup>
    <Filter Include="Source Files">
      <UniqueIdentifier>{4FC737F1-C7A5-4376-A066-2A32D752A2FF}</UniqueIdentifier>
      <Extensions>cpp;c;cc;cxx;c++;cppm;ixx;def;odl;idl;hpj;bat;asm;asmx</Extensions>
    </Filter>
    <Filter Include="Header Files">
      <UniqueIdentifier>{93995380-89BD-4b04-88EB-625FBE52EBFB}</UniqueIdentifier>
      <Extensions>h;hh;hpp;hxx;h++;hm;inl;inc;ipp;xsd</Extensions>
    </Filter>
    <Filter Include="Resource Files">
      <UniqueIdentifier>{67DA6AB6-F800-4c08-8B7A-83BB121AAD01}</UniqueIdentifier>
      <Extensions>rc;ico;cur;bmp;dlg;rc2;rct;bin;rgs;gif;jpg;jpeg;jpe;resx;tiff;tif;png;wav;mfcribbon-ms</Extensions>
    </Filter>
    <Filter Include="Source Files\basics">
      <UniqueIdentifier>{6686345a-29ca-4d6d-80b5-73a2c761d585}</UniqueIdentifier>
    </Filter>
    <Filter Include="Source Files\w3resources">
      <UniqueIdentifier>{46c5cfa2-1b4e-4cf7-ad07-6c1f82d75b09}</UniqueIdentifier>
    </Filter>
  </ItemGroup>
  <ItemGroup>
    <ClCompile Include="basics\conditionals.cpp">
      <Filter>Source Files\basics</Filter>
    </ClCompile>
    <ClCompile Include="basics\firstcpp.cpp">
      <Filter>Source Files\basics</Filter>
    </ClCompile>
    <ClCompile Include="basics\q22_2.cpp">
      <Filter>Source Files\basics</Filter>
    </ClCompile>
    <ClCompile Include="basics\q22_4.cpp">
      <Filter>Source Files\basics</Filter>
    </ClCompile>
    <ClCompile Include="basics\q31_2.cpp">
      <Filter>Source Files\basics</Filter>
    </ClCompile>
    <ClCompile Include="basics\q31_3.cpp">
      <Filter>Source Files\basics</Filter>
    </ClCompile>
    <ClCompile Include="basics\q71_1.cpp">
      <Filter>Source Files\basics</Filter>
    </ClCompile>
    <ClCompile Include="basics\temparray.cpp">
      <Filter>Source Files\basics</Filter>
    </ClCompile>
    <ClCompile Include="basics\tempvector.cpp">
      <Filter>Source Files\basics</Filter>
    </ClCompile>
    <ClCompile Include="basics\variables_and_datatypes.cpp">
      <Filter>Source Files\basics</Filter>
    </ClCompile>
    <ClCompile Include="w3resources\other_qs.cpp">
      <Filter>Source Files\w3resources</Filter>
    </ClCompile>
    <ClCompile Include="w3resources\q1_q10.cpp">
      <Filter>Source Files\w3resources</Filter>
    </ClCompile>
    <ClCompile Include="w3resources\q11_q16.cpp">
      <Filter>Source Files\w3resources</Filter>
    </ClCompile>
    <ClCompile Include="exercises\functions.cpp">
      <Filter>Source Files</Filter>
    </ClCompile>
    <ClCompile Include="exercises\pointers.cpp">
      <Filter>Source Files</Filter>
    </ClCompile>
  </ItemGroup>
</Project>